
Microsoft Visual Studio Solution File, Format Version 12.00
# Visual Studio Version 16
VisualStudioVersion = 16.0.28729.10
MinimumVisualStudioVersion = 10.0.40219.1
Project("{9A19103F-16F7-4668-BE54-9A1E7A4F7556}") = "AgilePartner.Pact.Providers", "AgilePartner.Pact.Providers\AgilePartner.Pact.Providers.csproj", "{4B05959E-437F-4064-84EF-DAC3C300E0CA}"
EndProject
Project("{FAE04EC0-301F-11D3-BF4B-00C04F79EFBC}") = "AgilePartner.Pact.Providers.Tests", "AgilePartner.Pact.Providers.Tests\AgilePartner.Pact.Providers.Tests.csproj", "{C77798FB-3DA3-4FB7-BBCE-7A7339BBA1DE}"
EndProject
Global
	GlobalSection(SolutionConfigurationPlatforms) = preSolution
		Debug|Any CPU = Debug|Any CPU
		Release|Any CPU = Release|Any CPU
	EndGlobalSection
	GlobalSection(ProjectConfigurationPlatforms) = postSolution
		{4B05959E-437F-4064-84EF-DAC3C300E0CA}.Debug|Any CPU.ActiveCfg = Debug|Any CPU
		{4B05959E-437F-4064-84EF-DAC3C300E0CA}.Debug|Any CPU.Build.0 = Debug|Any CPU
		{4B05959E-437F-4064-84EF-DAC3C300E0CA}.Release|Any CPU.ActiveCfg = Release|Any CPU
		{4B05959E-437F-4064-84EF-DAC3C300E0CA}.Release|Any CPU.Build.0 = Release|Any CPU
		{C77798FB-3DA3-4FB7-BBCE-7A7339BBA1DE}.Debug|Any CPU.ActiveCfg = Debug|Any CPU
		{C77798FB-3DA3-4FB7-BBCE-7A7339BBA1DE}.Debug|Any CPU.Build.0 = Debug|Any CPU
		{C77798FB-3DA3-4FB7-BBCE-7A7339BBA1DE}.Release|Any CPU.ActiveCfg = Release|Any CPU
		{C77798FB-3DA3-4FB7-BBCE-7A7339BBA1DE}.Release|Any CPU.Build.0 = Release|Any CPU
	EndGlobalSection
	GlobalSection(SolutionProperties) = preSolution
		HideSolutionNode = FALSE
	EndGlobalSection
	GlobalSection(ExtensibilityGlobals) = postSolution
		SolutionGuid = {206AE958-BECF-4461-8109-CD4D1BE6D2BC}
	EndGlobalSection
EndGlobal
